
Microsoft Visual Studio Solution File, Format Version 12.00
# Visual Studio Version 17
VisualStudioVersion = 17.5.33414.496
MinimumVisualStudioVersion = 10.0.40219.1
Project("{FAE04EC0-301F-11D3-BF4B-00C04F79EFBC}") = "tpmod4_1302210078", "tpmod4_1302210078.csproj", "{928C2E03-0DB1-4E4E-84C3-8D9488D442C9}"
EndProject
Global
	GlobalSection(SolutionConfigurationPlatforms) = preSolution
		Debug|Any CPU = Debug|Any CPU
		Release|Any CPU = Release|Any CPU
	EndGlobalSection
	GlobalSection(ProjectConfigurationPlatforms) = postSolution
		{928C2E03-0DB1-4E4E-84C3-8D9488D442C9}.Debug|Any CPU.ActiveCfg = Debug|Any CPU
		{928C2E03-0DB1-4E4E-84C3-8D9488D442C9}.Debug|Any CPU.Build.0 = Debug|Any CPU
		{928C2E03-0DB1-4E4E-84C3-8D9488D442C9}.Release|Any CPU.ActiveCfg = Release|Any CPU
		{928C2E03-0DB1-4E4E-84C3-8D9488D442C9}.Release|Any CPU.Build.0 = Release|Any CPU
	EndGlobalSection
	GlobalSection(SolutionProperties) = preSolution
		HideSolutionNode = FALSE
	EndGlobalSection
	GlobalSection(ExtensibilityGlobals) = postSolution
		SolutionGuid = {445F5E44-5B93-462F-AF5F-F4E407472B0F}
	EndGlobalSection
EndGlobal
